
Microsoft Visual Studio Solution File, Format Version 12.00
# Visual Studio 2017
Project("{FAE04EC0-301F-11D3-BF4B-00C04F79EFBC}") = "ReverseString", "ReverseString.csproj", "{51FF9961-7839-43E5-BE03-BC3ED74B1FAA}"
EndProject
Global
	GlobalSection(SolutionConfigurationPlatforms) = preSolution
		Debug|Any CPU = Debug|Any CPU
		Release|Any CPU = Release|Any CPU
	EndGlobalSection
	GlobalSection(ProjectConfigurationPlatforms) = postSolution
		{51FF9961-7839-43E5-BE03-BC3ED74B1FAA}.Debug|Any CPU.ActiveCfg = Debug|Any CPU
		{51FF9961-7839-43E5-BE03-BC3ED74B1FAA}.Debug|Any CPU.Build.0 = Debug|Any CPU
		{51FF9961-7839-43E5-BE03-BC3ED74B1FAA}.Release|Any CPU.ActiveCfg = Release|Any CPU
		{51FF9961-7839-43E5-BE03-BC3ED74B1FAA}.Release|Any CPU.Build.0 = Release|Any CPU
	EndGlobalSection
EndGlobal
